
Microsoft Visual Studio Solution File, Format Version 12.00
# Visual Studio Version 17
VisualStudioVersion = 17.5.002.0
MinimumVisualStudioVersion = 10.0.40219.1
Project("{9A19103F-16F7-4668-BE54-9A1E7A4F7556}") = "ToDoGrpc", "ToDoGrpc\ToDoGrpc.csproj", "{5B1486EE-1294-4744-929B-136DB796DADA}"
EndProject
Global
	GlobalSection(SolutionConfigurationPlatforms) = preSolution
		Debug|Any CPU = Debug|Any CPU
		Release|Any CPU = Release|Any CPU
	EndGlobalSection
	GlobalSection(ProjectConfigurationPlatforms) = postSolution
		{5B1486EE-1294-4744-929B-136DB796DADA}.Debug|Any CPU.ActiveCfg = Debug|Any CPU
		{5B1486EE-1294-4744-929B-136DB796DADA}.Debug|Any CPU.Build.0 = Debug|Any CPU
		{5B1486EE-1294-4744-929B-136DB796DADA}.Release|Any CPU.ActiveCfg = Release|Any CPU
		{5B1486EE-1294-4744-929B-136DB796DADA}.Release|Any CPU.Build.0 = Release|Any CPU
	EndGlobalSection
	GlobalSection(SolutionProperties) = preSolution
		HideSolutionNode = FALSE
	EndGlobalSection
	GlobalSection(ExtensibilityGlobals) = postSolution
		SolutionGuid = {B9C0978A-7DFC-4C40-8565-26F4D7D53451}
	EndGlobalSection
EndGlobal
